
Microsoft Visual Studio Solution File, Format Version 12.00
# Visual Studio 2013
VisualStudioVersion = 12.0.31101.0
MinimumVisualStudioVersion = 10.0.40219.1
Project("{151D2E53-A2C4-4D7D-83FE-D05416EBD58E}") = "Azure_BIG-IP_Deployment", "Azure_BIG-IP_Deployment\Azure_BIG-IP_Deployment.deployproj", "{8CC98EF3-009C-4524-AC93-9A87022A97B9}"
EndProject
Global
	GlobalSection(SolutionConfigurationPlatforms) = preSolution
		Debug|Any CPU = Debug|Any CPU
		Release|Any CPU = Release|Any CPU
	EndGlobalSection
	GlobalSection(ProjectConfigurationPlatforms) = postSolution
		{8CC98EF3-009C-4524-AC93-9A87022A97B9}.Debug|Any CPU.ActiveCfg = Debug|Any CPU
		{8CC98EF3-009C-4524-AC93-9A87022A97B9}.Debug|Any CPU.Build.0 = Debug|Any CPU
		{8CC98EF3-009C-4524-AC93-9A87022A97B9}.Release|Any CPU.ActiveCfg = Release|Any CPU
		{8CC98EF3-009C-4524-AC93-9A87022A97B9}.Release|Any CPU.Build.0 = Release|Any CPU
	EndGlobalSection
	GlobalSection(SolutionProperties) = preSolution
		HideSolutionNode = FALSE
	EndGlobalSection
EndGlobal
